// !$*UTF8*$!
{
	archiveVersion = 1;
	classes = {
	};
	objectVersion = 46;
	objects = {

/* Begin PBXBuildFile section */
		F12CE5382484E46600D4A4CB /* AppDelegate.swift in Sources */ = {isa = PBXBuildFile; fileRef = F12CE5372484E46600D4A4CB /* AppDelegate.swift */; };
		F12CE53A2484E46600D4A4CB /* ViewController.swift in Sources */ = {isa = PBXBuildFile; fileRef = F12CE5392484E46600D4A4CB /* ViewController.swift */; };
		F12CE53D2484E46600D4A4CB /* Main.storyboard in Resources */ = {isa = PBXBuildFile; fileRef = F12CE53B2484E46600D4A4CB /* Main.storyboard */; };
		F12CE53F2484E46600D4A4CB /* Assets.xcassets in Resources */ = {isa = PBXBuildFile; fileRef = F12CE53E2484E46600D4A4CB /* Assets.xcassets */; };
		F12CE5422484E46600D4A4CB /* LaunchScreen.storyboard in Resources */ = {isa = PBXBuildFile; fileRef = F12CE5402484E46600D4A4CB /* LaunchScreen.storyboard */; };
		F12CE54A2484EEE900D4A4CB /* ImageCell.swift in Sources */ = {isa = PBXBuildFile; fileRef = F12CE5492484EEE900D4A4CB /* ImageCell.swift */; };
		F12CE54C24852B7B00D4A4CB /* NewImage.swift in Sources */ = {isa = PBXBuildFile; fileRef = F12CE54B24852B7B00D4A4CB /* NewImage.swift */; };
/* End PBXBuildFile section */

/* Begin PBXFileReference section */
		F12CE5342484E46600D4A4CB /* NamesToImages.app */ = {isa = PBXFileReference; explicitFileType = wrapper.application; includeInIndex = 0; path = NamesToImages.app; sourceTree = BUILT_PRODUCTS_DIR; };
		F12CE5372484E46600D4A4CB /* AppDelegate.swift */ = {isa = PBXFileReference; lastKnownFileType = sourcecode.swift; path = AppDelegate.swift; sourceTree = "<group>"; };
		F12CE5392484E46600D4A4CB /* ViewController.swift */ = {isa = PBXFileReference; lastKnownFileType = sourcecode.swift; path = ViewController.swift; sourceTree = "<group>"; };
		F12CE53C2484E46600D4A4CB /* Base */ = {isa = PBXFileReference; lastKnownFileType = file.storyboard; name = Base; path = Base.lproj/Main.storyboard; sourceTree = "<group>"; };
		F12CE53E2484E46600D4A4CB /* Assets.xcassets */ = {isa = PBXFileReference; lastKnownFileType = folder.assetcatalog; path = Assets.xcassets; sourceTree = "<group>"; };
		F12CE5412484E46600D4A4CB /* Base */ = {isa = PBXFileReference; lastKnownFileType = file.storyboard; name = Base; path = Base.lproj/LaunchScreen.storyboard; sourceTree = "<group>"; };
		F12CE5432484E46600D4A4CB /* Info.plist */ = {isa = PBXFileReference; lastKnownFileType = text.plist.xml; path = Info.plist; sourceTree = "<group>"; };
		F12CE5492484EEE900D4A4CB /* ImageCell.swift */ = {isa = PBXFileReference; fileEncoding = 4; lastKnownFileType = sourcecode.swift; path = ImageCell.swift; sourceTree = "<group>"; };
		F12CE54B24852B7B00D4A4CB /* NewImage.swift */ = {isa = PBXFileReference; fileEncoding = 4; lastKnownFileType = sourcecode.swift; path = NewImage.swift; sourceTree = "<group>"; };
/* End PBXFileReference section */

/* Begin PBXFrameworksBuildPhase section */
		F12CE5312484E46600D4A4CB /* Frameworks */ = {
			isa = PBXFrameworksBuildPhase;
			buildActionMask = 2147483647;
			files = (
			);
			runOnlyForDeploymentPostprocessing = 0;
		};
/* End PBXFrameworksBuildPhase section */

/* Begin PBXGroup section */
		F12CE52B2484E46500D4A4CB = {
			isa = PBXGroup;
			children = (
				F12CE5362484E46600D4A4CB /* NamesToImages */,
				F12CE5352484E46600D4A4CB /* Products */,
			);
			sourceTree = "<group>";
		};
		F12CE5352484E46600D4A4CB /* Products */ = {
			isa = PBXGroup;
			children = (
				F12CE5342484E46600D4A4CB /* NamesToImages.app */,
			);
			name = Products;
			sourceTree = "<group>";
		};
		F12CE5362484E46600D4A4CB /* NamesToImages */ = {
			isa = PBXGroup;
			children = (
				F12CE5372484E46600D4A4CB /* AppDelegate.swift */,
				F12CE5392484E46600D4A4CB /* ViewController.swift */,
				F12CE53B2484E46600D4A4CB /* Main.storyboard */,
				F12CE53E2484E46600D4A4CB /* Assets.xcassets */,
				F12CE5402484E46600D4A4CB /* LaunchScreen.storyboard */,
				F12CE5432484E46600D4A4CB /* Info.plist */,
				F12CE5492484EEE900D4A4CB /* ImageCell.swift */,
				F12CE54B24852B7B00D4A4CB /* NewImage.swift */,
			);
			path = NamesToImages;
			sourceTree = "<group>";
		};
/* End PBXGroup section */

/* Begin PBXNativeTarget section */
		F12CE5332484E46600D4A4CB /* NamesToImages */ = {
			isa = PBXNativeTarget;
			buildConfigurationList = F12CE5462484E46600D4A4CB /* Build configuration list for PBXNativeTarget "NamesToImages" */;
			buildPhases = (
				F12CE5302484E46600D4A4CB /* Sources */,
				F12CE5312484E46600D4A4CB /* Frameworks */,
				F12CE5322484E46600D4A4CB /* Resources */,
			);
			buildRules = (
			);
			dependencies = (
			);
			name = NamesToImages;
			productName = NamesToImages;
			productReference = F12CE5342484E46600D4A4CB /* NamesToImages.app */;
			productType = "com.apple.product-type.application";
		};
/* End PBXNativeTarget section */

/* Begin PBXProject section */
		F12CE52C2484E46500D4A4CB /* Project object */ = {
			isa = PBXProject;
			attributes = {
				LastSwiftUpdateCheck = 0720;
				LastUpgradeCheck = 0720;
				ORGANIZATIONNAME = "Damian Johns";
				TargetAttributes = {
					F12CE5332484E46600D4A4CB = {
						CreatedOnToolsVersion = 7.2;
						LastSwiftMigration = 0820;
					};
				};
			};
			buildConfigurationList = F12CE52F2484E46500D4A4CB /* Build configuration list for PBXProject "NamesToImages" */;
			compatibilityVersion = "Xcode 3.2";
			developmentRegion = English;
			hasScannedForEncodings = 0;
			knownRegions = (
				en,
				Base,
			);
			mainGroup = F12CE52B2484E46500D4A4CB;
			productRefGroup = F12CE5352484E46600D4A4CB /* Products */;
			projectDirPath = "";
			projectRoot = "";
			targets = (
				F12CE5332484E46600D4A4CB /* NamesToImages */,
			);
		};
/* End PBXProject section */

/* Begin PBXResourcesBuildPhase section */
		F12CE5322484E46600D4A4CB /* Resources */ = {
			isa = PBXResourcesBuildPhase;
			buildActionMask = 2147483647;
			files = (
				F12CE5422484E46600D4A4CB /* LaunchScreen.storyboard in Resources */,
				F12CE53F2484E46600D4A4CB /* Assets.xcassets in Resources */,
				F12CE53D2484E46600D4A4CB /* Main.storyboard in Resources */,
			);
			runOnlyForDeploymentPostprocessing = 0;
		};
/* End PBXResourcesBuildPhase section */

/* Begin PBXSourcesBuildPhase section */
		F12CE5302484E46600D4A4CB /* Sources */ = {
			isa = PBXSourcesBuildPhase;
			buildActionMask = 2147483647;
			files = (
				F12CE53A2484E46600D4A4CB /* ViewController.swift in Sources */,
				F12CE5382484E46600D4A4CB /* AppDelegate.swift in Sources */,
				F12CE54C24852B7B00D4A4CB /* NewImage.swift in Sources */,
				F12CE54A2484EEE900D4A4CB /* ImageCell.swift in Sources */,
			);
			runOnlyForDeploymentPostprocessing = 0;
		};
/* End PBXSourcesBuildPhase section */

/* Begin PBXVariantGroup section */
		F12CE53B2484E46600D4A4CB /* Main.storyboard */ = {
			isa = PBXVariantGroup;
			children = (
				F12CE53C2484E46600D4A4CB /* Base */,
			);
			name = Main.storyboard;
			sourceTree = "<group>";
		};
		F12CE5402484E46600D4A4CB /* LaunchScreen.storyboard */ = {
			isa = PBXVariantGroup;
			children = (
				F12CE5412484E46600D4A4CB /* Base */,
			);
			name = LaunchScreen.storyboard;
			sourceTree = "<group>";
		};
/* End PBXVariantGroup section */

/* Begin XCBuildConfiguration section */
		F12CE5442484E46600D4A4CB /* Debug */ = {
			isa = XCBuildConfiguration;
			buildSettings = {
				ALWAYS_SEARCH_USER_PATHS = NO;
				CLANG_CXX_LANGUAGE_STANDARD = "gnu++0x";
				CLANG_CXX_LIBRARY = "libc++";
				CLANG_ENABLE_MODULES = YES;
				CLANG_ENABLE_OBJC_ARC = YES;
				CLANG_WARN_BOOL_CONVERSION = YES;
				CLANG_WARN_CONSTANT_CONVERSION = YES;
				CLANG_WARN_DIRECT_OBJC_ISA_USAGE = YES_ERROR;
				CLANG_WARN_EMPTY_BODY = YES;
				CLANG_WARN_ENUM_CONVERSION = YES;
				CLANG_WARN_INT_CONVERSION = YES;
				CLANG_WARN_OBJC_ROOT_CLASS = YES_ERROR;
				CLANG_WARN_UNREACHABLE_CODE = YES;
				CLANG_WARN__DUPLICATE_METHOD_MATCH = YES;
				"CODE_SIGN_IDENTITY[sdk=iphoneos*]" = "iPhone Developer";
				COPY_PHASE_STRIP = NO;
				DEBUG_INFORMATION_FORMAT = dwarf;
				ENABLE_STRICT_OBJC_MSGSEND = YES;
				ENABLE_TESTABILITY = YES;
				GCC_C_LANGUAGE_STANDARD = gnu99;
				GCC_DYNAMIC_NO_PIC = NO;
				GCC_NO_COMMON_BLOCKS = YES;
				GCC_OPTIMIZATION_LEVEL = 0;
				GCC_PREPROCESSOR_DEFINITIONS = (
					"DEBUG=1",
					"$(inherited)",
				);
				GCC_WARN_64_TO_32_BIT_CONVERSION = YES;
				GCC_WARN_ABOUT_RETURN_TYPE = YES_ERROR;
				GCC_WARN_UNDECLARED_SELECTOR = YES;
				GCC_WARN_UNINITIALIZED_AUTOS = YES_AGGRESSIVE;
				GCC_WARN_UNUSED_FUNCTION = YES;
				GCC_WARN_UNUSED_VARIABLE = YES;
				IPHONEOS_DEPLOYMENT_TARGET = 10.2;
				MTL_ENABLE_DEBUG_INFO = YES;
				ONLY_ACTIVE_ARCH = YES;
				SDKROOT = iphoneos;
				SWIFT_OPTIMIZATION_LEVEL = "-Onone";
			};
			name = Debug;
		};
		F12CE5452484E46600D4A4CB /* Release */ = {
			isa = XCBuildConfiguration;
			buildSettings = {
				ALWAYS_SEARCH_USER_PATHS = NO;
				CLANG_CXX_LANGUAGE_STANDARD = "gnu++0x";
				CLANG_CXX_LIBRARY = "libc++";
				CLANG_ENABLE_MODULES = YES;
				CLANG_ENABLE_OBJC_ARC = YES;
				CLANG_WARN_BOOL_CONVERSION = YES;
				CLANG_WARN_CONSTANT_CONVERSION = YES;
				CLANG_WARN_DIRECT_OBJC_ISA_USAGE = YES_ERROR;
				CLANG_WARN_EMPTY_BODY = YES;
				CLANG_WARN_ENUM_CONVERSION = YES;
				CLANG_WARN_INT_CONVERSION = YES;
				CLANG_WARN_OBJC_ROOT_CLASS = YES_ERROR;
				CLANG_WARN_UNREACHABLE_CODE = YES;
				CLANG_WARN__DUPLICATE_METHOD_MATCH = YES;
				"CODE_SIGN_IDENTITY[sdk=iphoneos*]" = "iPhone Developer";
				COPY_PHASE_STRIP = NO;
				DEBUG_INFORMATION_FORMAT = "dwarf-with-dsym";
				ENABLE_NS_ASSERTIONS = NO;
				ENABLE_STRICT_OBJC_MSGSEND = YES;
				GCC_C_LANGUAGE_STANDARD = gnu99;
				GCC_NO_COMMON_BLOCKS = YES;
				GCC_WARN_64_TO_32_BIT_CONVERSION = YES;
				GCC_WARN_ABOUT_RETURN_TYPE = YES_ERROR;
				GCC_WARN_UNDECLARED_SELECTOR = YES;
				GCC_WARN_UNINITIALIZED_AUTOS = YES_AGGRESSIVE;
				GCC_WARN_UNUSED_FUNCTION = YES;
				GCC_WARN_UNUSED_VARIABLE = YES;
				IPHONEOS_DEPLOYMENT_TARGET = 10.2;
				MTL_ENABLE_DEBUG_INFO = NO;
				SDKROOT = iphoneos;
				VALIDATE_PRODUCT = YES;
			};
			name = Release;
		};
		F12CE5472484E46600D4A4CB /* Debug */ = {
			isa = XCBuildConfiguration;
			buildSettings = {
				ASSETCATALOG_COMPILER_APPICON_NAME = AppIcon;
				INFOPLIST_FILE = NamesToImages/Info.plist;
				IPHONEOS_DEPLOYMENT_TARGET = 10.2;
				LD_RUNPATH_SEARCH_PATHS = "$(inherited) @executable_path/Frameworks";
				PRODUCT_BUNDLE_IDENTIFIER = com.damianjohns.NamesToImages;
				PRODUCT_NAME = "$(TARGET_NAME)";
				SWIFT_VERSION = 3.0;
				TARGETED_DEVICE_FAMILY = 1;
			};
			name = Debug;
		};
		F12CE5482484E46600D4A4CB /* Release */ = {
			isa = XCBuildConfiguration;
			buildSettings = {
				ASSETCATALOG_COMPILER_APPICON_NAME = AppIcon;
				INFOPLIST_FILE = NamesToImages/Info.plist;
				IPHONEOS_DEPLOYMENT_TARGET = 10.2;
				LD_RUNPATH_SEARCH_PATHS = "$(inherited) @executable_path/Frameworks";
				PRODUCT_BUNDLE_IDENTIFIER = com.damianjohns.NamesToImages;
				PRODUCT_NAME = "$(TARGET_NAME)";
				SWIFT_VERSION = 3.0;
				TARGETED_DEVICE_FAMILY = 1;
			};
			name = Release;
		};
/* End XCBuildConfiguration section */

/* Begin XCConfigurationList section */
		F12CE52F2484E46500D4A4CB /* Build configuration list for PBXProject "NamesToImages" */ = {
			isa = XCConfigurationList;
			buildConfigurations = (
				F12CE5442484E46600D4A4CB /* Debug */,
				F12CE5452484E46600D4A4CB /* Release */,
			);
			defaultConfigurationIsVisible = 0;
			defaultConfigurationName = Release;
		};
		F12CE5462484E46600D4A4CB /* Build configuration list for PBXNativeTarget "NamesToImages" */ = {
			isa = XCConfigurationList;
			buildConfigurations = (
				F12CE5472484E46600D4A4CB /* Debug */,
				F12CE5482484E46600D4A4CB /* Release */,
			);
			defaultConfigurationIsVisible = 0;
			defaultConfigurationName = Release;
		};
/* End XCConfigurationList section */
	};
	rootObject = F12CE52C2484E46500D4A4CB /* Project object */;
}
